
Microsoft Visual Studio Solution File, Format Version 12.00
# Visual Studio Version 16
VisualStudioVersion = 16.0.31729.503
MinimumVisualStudioVersion = 10.0.40219.1
Project("{FAE04EC0-301F-11D3-BF4B-00C04F79EFBC}") = "ConjunctionFunction", "ConjunctionFunction\ConjunctionFunction.csproj", "{46F874D4-E867-41F4-9F01-2E46D7ACD81C}"
EndProject
Global
	GlobalSection(SolutionConfigurationPlatforms) = preSolution
		Debug|Any CPU = Debug|Any CPU
		Release|Any CPU = Release|Any CPU
	EndGlobalSection
	GlobalSection(ProjectConfigurationPlatforms) = postSolution
		{46F874D4-E867-41F4-9F01-2E46D7ACD81C}.Debug|Any CPU.ActiveCfg = Debug|Any CPU
		{46F874D4-E867-41F4-9F01-2E46D7ACD81C}.Debug|Any CPU.Build.0 = Debug|Any CPU
		{46F874D4-E867-41F4-9F01-2E46D7ACD81C}.Release|Any CPU.ActiveCfg = Release|Any CPU
		{46F874D4-E867-41F4-9F01-2E46D7ACD81C}.Release|Any CPU.Build.0 = Release|Any CPU
	EndGlobalSection
	GlobalSection(SolutionProperties) = preSolution
		HideSolutionNode = FALSE
	EndGlobalSection
	GlobalSection(ExtensibilityGlobals) = postSolution
		SolutionGuid = {3BE1CFF1-CE50-4F27-B2B2-D0371A17236F}
	EndGlobalSection
EndGlobal
